
Microsoft Visual Studio Solution File, Format Version 12.00
# Visual Studio Version 17
VisualStudioVersion = 17.14.36414.22 d17.14
MinimumVisualStudioVersion = 10.0.40219.1
Project("{FAE04EC0-301F-11D3-BF4B-00C04F79EFBC}") = "ChillCofee", "ChillCofee\ChillCofee.csproj", "{F44DC254-6C1A-4793-8EC3-DA26D54431B8}"
EndProject
Global
	GlobalSection(SolutionConfigurationPlatforms) = preSolution
		Debug|Any CPU = Debug|Any CPU
		Release|Any CPU = Release|Any CPU
	EndGlobalSection
	GlobalSection(ProjectConfigurationPlatforms) = postSolution
		{F44DC254-6C1A-4793-8EC3-DA26D54431B8}.Debug|Any CPU.ActiveCfg = Debug|Any CPU
		{F44DC254-6C1A-4793-8EC3-DA26D54431B8}.Debug|Any CPU.Build.0 = Debug|Any CPU
		{F44DC254-6C1A-4793-8EC3-DA26D54431B8}.Release|Any CPU.ActiveCfg = Release|Any CPU
		{F44DC254-6C1A-4793-8EC3-DA26D54431B8}.Release|Any CPU.Build.0 = Release|Any CPU
	EndGlobalSection
	GlobalSection(SolutionProperties) = preSolution
		HideSolutionNode = FALSE
	EndGlobalSection
	GlobalSection(ExtensibilityGlobals) = postSolution
		SolutionGuid = {0C98CF66-9F2D-4C9D-BA15-1B1B951E30CE}
	EndGlobalSection
EndGlobal
